
Microsoft Visual Studio Solution File, Format Version 12.00
# Visual Studio Version 16
VisualStudioVersion = 16.0.31129.286
MinimumVisualStudioVersion = 10.0.40219.1
Project("{9A19103F-16F7-4668-BE54-9A1E7A4F7556}") = "WebApiCLOB", "WebApiCLOB\WebApiCLOB.csproj", "{AC01A461-9EEF-445D-9203-5FE10E4507DD}"
EndProject
Project("{FAE04EC0-301F-11D3-BF4B-00C04F79EFBC}") = "WebApiCLOB.Test", "WebApiCLOB.Test\WebApiCLOB.Test.csproj", "{0E48BF34-5307-4A8B-AC34-4F9C3F8AA941}"
EndProject
Global
	GlobalSection(SolutionConfigurationPlatforms) = preSolution
		Debug|Any CPU = Debug|Any CPU
		Release|Any CPU = Release|Any CPU
	EndGlobalSection
	GlobalSection(ProjectConfigurationPlatforms) = postSolution
		{AC01A461-9EEF-445D-9203-5FE10E4507DD}.Debug|Any CPU.ActiveCfg = Debug|Any CPU
		{AC01A461-9EEF-445D-9203-5FE10E4507DD}.Debug|Any CPU.Build.0 = Debug|Any CPU
		{AC01A461-9EEF-445D-9203-5FE10E4507DD}.Release|Any CPU.ActiveCfg = Release|Any CPU
		{AC01A461-9EEF-445D-9203-5FE10E4507DD}.Release|Any CPU.Build.0 = Release|Any CPU
		{0E48BF34-5307-4A8B-AC34-4F9C3F8AA941}.Debug|Any CPU.ActiveCfg = Debug|Any CPU
		{0E48BF34-5307-4A8B-AC34-4F9C3F8AA941}.Debug|Any CPU.Build.0 = Debug|Any CPU
		{0E48BF34-5307-4A8B-AC34-4F9C3F8AA941}.Release|Any CPU.ActiveCfg = Release|Any CPU
		{0E48BF34-5307-4A8B-AC34-4F9C3F8AA941}.Release|Any CPU.Build.0 = Release|Any CPU
	EndGlobalSection
	GlobalSection(SolutionProperties) = preSolution
		HideSolutionNode = FALSE
	EndGlobalSection
	GlobalSection(ExtensibilityGlobals) = postSolution
		SolutionGuid = {BBFC2D02-9297-436E-BB4E-8F518622C02A}
	EndGlobalSection
EndGlobal
